// !$*UTF8*$!
{
	archiveVersion = 1;
	classes = {
	};
	objectVersion = 55;
	objects = {

/* Begin PBXBuildFile section */
		C12816A327BB5DF1000EC665 /* MovieTests.swift in Sources */ = {isa = PBXBuildFile; fileRef = C12816A227BB5DF1000EC665 /* MovieTests.swift */; };
		C12816A527BB6370000EC665 /* Movie.swift in Sources */ = {isa = PBXBuildFile; fileRef = C12816A427BB6370000EC665 /* Movie.swift */; };
		C12816B527BB6EEF000EC665 /* AlamofireReachabilityManager.swift in Sources */ = {isa = PBXBuildFile; fileRef = C12816AD27BB6EEF000EC665 /* AlamofireReachabilityManager.swift */; };
		C12816B627BB6EEF000EC665 /* APIEnvironment.swift in Sources */ = {isa = PBXBuildFile; fileRef = C12816AF27BB6EEF000EC665 /* APIEnvironment.swift */; };
		C12816B727BB6EEF000EC665 /* NonPersistentContext.swift in Sources */ = {isa = PBXBuildFile; fileRef = C12816B027BB6EEF000EC665 /* NonPersistentContext.swift */; };
		C12816B827BB6EEF000EC665 /* APIEnvironments.swift in Sources */ = {isa = PBXBuildFile; fileRef = C12816B127BB6EEF000EC665 /* APIEnvironments.swift */; };
		C12816B927BB6EEF000EC665 /* APIContext.swift in Sources */ = {isa = PBXBuildFile; fileRef = C12816B227BB6EEF000EC665 /* APIContext.swift */; };
		C12816BA27BB6EEF000EC665 /* APIRoute.swift in Sources */ = {isa = PBXBuildFile; fileRef = C12816B327BB6EEF000EC665 /* APIRoute.swift */; };
		C12816BB27BB6EEF000EC665 /* AlamofireService.swift in Sources */ = {isa = PBXBuildFile; fileRef = C12816B427BB6EEF000EC665 /* AlamofireService.swift */; };
		C12816BE27BB704B000EC665 /* Alamofire in Frameworks */ = {isa = PBXBuildFile; productRef = C12816BD27BB704B000EC665 /* Alamofire */; };
		C12816C127BBDBD2000EC665 /* MovieServiceTests.swift in Sources */ = {isa = PBXBuildFile; fileRef = C12816C027BBDBD2000EC665 /* MovieServiceTests.swift */; };
		C12816C327BBDD2F000EC665 /* MovieService.swift in Sources */ = {isa = PBXBuildFile; fileRef = C12816C227BBDD2F000EC665 /* MovieService.swift */; };
		C12816C527BC1860000EC665 /* MockMovieService.swift in Sources */ = {isa = PBXBuildFile; fileRef = C12816C427BC1860000EC665 /* MockMovieService.swift */; };
		C12816C827BC1C30000EC665 /* JsonHelper.swift in Sources */ = {isa = PBXBuildFile; fileRef = C12816C727BC1C30000EC665 /* JsonHelper.swift */; };
		C12816CA27BC1DCC000EC665 /* moviesResult.json in Resources */ = {isa = PBXBuildFile; fileRef = C12816C927BC1DCC000EC665 /* moviesResult.json */; };
		C12816CD27BC220C000EC665 /* MovieServiceError.swift in Sources */ = {isa = PBXBuildFile; fileRef = C12816CC27BC220C000EC665 /* MovieServiceError.swift */; };
		C12816D127BC2422000EC665 /* TopMoviesDTO.swift in Sources */ = {isa = PBXBuildFile; fileRef = C12816D027BC2422000EC665 /* TopMoviesDTO.swift */; };
		C12816D327BC2528000EC665 /* MovieDTO.swift in Sources */ = {isa = PBXBuildFile; fileRef = C12816D227BC2528000EC665 /* MovieDTO.swift */; };
		C12816D627BC26B3000EC665 /* MovieDTOTranslator.swift in Sources */ = {isa = PBXBuildFile; fileRef = C12816D527BC26B3000EC665 /* MovieDTOTranslator.swift */; };
		C12816DA27BC4D6C000EC665 /* AlamofireMovieServiceTests.swift in Sources */ = {isa = PBXBuildFile; fileRef = C12816D927BC4D6B000EC665 /* AlamofireMovieServiceTests.swift */; };
		C12816DC27BC4F92000EC665 /* AlamofireMovieService.swift in Sources */ = {isa = PBXBuildFile; fileRef = C12816DB27BC4F92000EC665 /* AlamofireMovieService.swift */; };
		C12816DF27BC56DE000EC665 /* MovieServiceRouter.swift in Sources */ = {isa = PBXBuildFile; fileRef = C12816DE27BC56DE000EC665 /* MovieServiceRouter.swift */; };
		C1C180E227BB2510006B5432 /* AppDelegate.swift in Sources */ = {isa = PBXBuildFile; fileRef = C1C180E127BB2510006B5432 /* AppDelegate.swift */; };
		C1C180E427BB2510006B5432 /* SceneDelegate.swift in Sources */ = {isa = PBXBuildFile; fileRef = C1C180E327BB2510006B5432 /* SceneDelegate.swift */; };
		C1C180E627BB2510006B5432 /* ViewController.swift in Sources */ = {isa = PBXBuildFile; fileRef = C1C180E527BB2510006B5432 /* ViewController.swift */; };
		C1C180E927BB2510006B5432 /* Main.storyboard in Resources */ = {isa = PBXBuildFile; fileRef = C1C180E727BB2510006B5432 /* Main.storyboard */; };
		C1C180EB27BB2511006B5432 /* Assets.xcassets in Resources */ = {isa = PBXBuildFile; fileRef = C1C180EA27BB2511006B5432 /* Assets.xcassets */; };
		C1C180EE27BB2511006B5432 /* LaunchScreen.storyboard in Resources */ = {isa = PBXBuildFile; fileRef = C1C180EC27BB2511006B5432 /* LaunchScreen.storyboard */; };
		C1C180F927BB2511006B5432 /* boilerPlateTests.swift in Sources */ = {isa = PBXBuildFile; fileRef = C1C180F827BB2511006B5432 /* boilerPlateTests.swift */; };
		C1C1810327BB2511006B5432 /* boilerPlateUITests.swift in Sources */ = {isa = PBXBuildFile; fileRef = C1C1810227BB2511006B5432 /* boilerPlateUITests.swift */; };
		C1C1810527BB2511006B5432 /* boilerPlateUITestsLaunchTests.swift in Sources */ = {isa = PBXBuildFile; fileRef = C1C1810427BB2511006B5432 /* boilerPlateUITestsLaunchTests.swift */; };
/* End PBXBuildFile section */

/* Begin PBXContainerItemProxy section */
		C1C180F527BB2511006B5432 /* PBXContainerItemProxy */ = {
			isa = PBXContainerItemProxy;
			containerPortal = C1C180D627BB2510006B5432 /* Project object */;
			proxyType = 1;
			remoteGlobalIDString = C1C180DD27BB2510006B5432;
			remoteInfo = boilerPlate;
		};
		C1C180FF27BB2511006B5432 /* PBXContainerItemProxy */ = {
			isa = PBXContainerItemProxy;
			containerPortal = C1C180D627BB2510006B5432 /* Project object */;
			proxyType = 1;
			remoteGlobalIDString = C1C180DD27BB2510006B5432;
			remoteInfo = boilerPlate;
		};
/* End PBXContainerItemProxy section */

/* Begin PBXFileReference section */
		C12816A227BB5DF1000EC665 /* MovieTests.swift */ = {isa = PBXFileReference; lastKnownFileType = sourcecode.swift; path = MovieTests.swift; sourceTree = "<group>"; };
		C12816A427BB6370000EC665 /* Movie.swift */ = {isa = PBXFileReference; lastKnownFileType = sourcecode.swift; path = Movie.swift; sourceTree = "<group>"; };
		C12816AD27BB6EEF000EC665 /* AlamofireReachabilityManager.swift */ = {isa = PBXFileReference; fileEncoding = 4; lastKnownFileType = sourcecode.swift; path = AlamofireReachabilityManager.swift; sourceTree = "<group>"; };
		C12816AF27BB6EEF000EC665 /* APIEnvironment.swift */ = {isa = PBXFileReference; fileEncoding = 4; lastKnownFileType = sourcecode.swift; path = APIEnvironment.swift; sourceTree = "<group>"; };
		C12816B027BB6EEF000EC665 /* NonPersistentContext.swift */ = {isa = PBXFileReference; fileEncoding = 4; lastKnownFileType = sourcecode.swift; path = NonPersistentContext.swift; sourceTree = "<group>"; };
		C12816B127BB6EEF000EC665 /* APIEnvironments.swift */ = {isa = PBXFileReference; fileEncoding = 4; lastKnownFileType = sourcecode.swift; path = APIEnvironments.swift; sourceTree = "<group>"; };
		C12816B227BB6EEF000EC665 /* APIContext.swift */ = {isa = PBXFileReference; fileEncoding = 4; lastKnownFileType = sourcecode.swift; path = APIContext.swift; sourceTree = "<group>"; };
		C12816B327BB6EEF000EC665 /* APIRoute.swift */ = {isa = PBXFileReference; fileEncoding = 4; lastKnownFileType = sourcecode.swift; path = APIRoute.swift; sourceTree = "<group>"; };
		C12816B427BB6EEF000EC665 /* AlamofireService.swift */ = {isa = PBXFileReference; fileEncoding = 4; lastKnownFileType = sourcecode.swift; path = AlamofireService.swift; sourceTree = "<group>"; };
		C12816C027BBDBD2000EC665 /* MovieServiceTests.swift */ = {isa = PBXFileReference; lastKnownFileType = sourcecode.swift; path = MovieServiceTests.swift; sourceTree = "<group>"; };
		C12816C227BBDD2F000EC665 /* MovieService.swift */ = {isa = PBXFileReference; lastKnownFileType = sourcecode.swift; path = MovieService.swift; sourceTree = "<group>"; };
		C12816C427BC1860000EC665 /* MockMovieService.swift */ = {isa = PBXFileReference; lastKnownFileType = sourcecode.swift; path = MockMovieService.swift; sourceTree = "<group>"; };
		C12816C727BC1C30000EC665 /* JsonHelper.swift */ = {isa = PBXFileReference; lastKnownFileType = sourcecode.swift; path = JsonHelper.swift; sourceTree = "<group>"; };
		C12816C927BC1DCC000EC665 /* moviesResult.json */ = {isa = PBXFileReference; fileEncoding = 4; lastKnownFileType = text.json; path = moviesResult.json; sourceTree = "<group>"; };
		C12816CC27BC220C000EC665 /* MovieServiceError.swift */ = {isa = PBXFileReference; lastKnownFileType = sourcecode.swift; path = MovieServiceError.swift; sourceTree = "<group>"; };
		C12816D027BC2422000EC665 /* TopMoviesDTO.swift */ = {isa = PBXFileReference; lastKnownFileType = sourcecode.swift; path = TopMoviesDTO.swift; sourceTree = "<group>"; };
		C12816D227BC2528000EC665 /* MovieDTO.swift */ = {isa = PBXFileReference; lastKnownFileType = sourcecode.swift; path = MovieDTO.swift; sourceTree = "<group>"; };
		C12816D527BC26B3000EC665 /* MovieDTOTranslator.swift */ = {isa = PBXFileReference; lastKnownFileType = sourcecode.swift; path = MovieDTOTranslator.swift; sourceTree = "<group>"; };
		C12816D927BC4D6B000EC665 /* AlamofireMovieServiceTests.swift */ = {isa = PBXFileReference; lastKnownFileType = sourcecode.swift; path = AlamofireMovieServiceTests.swift; sourceTree = "<group>"; };
		C12816DB27BC4F92000EC665 /* AlamofireMovieService.swift */ = {isa = PBXFileReference; lastKnownFileType = sourcecode.swift; path = AlamofireMovieService.swift; sourceTree = "<group>"; };
		C12816DE27BC56DE000EC665 /* MovieServiceRouter.swift */ = {isa = PBXFileReference; lastKnownFileType = sourcecode.swift; path = MovieServiceRouter.swift; sourceTree = "<group>"; };
		C12816E227BC5DE2000EC665 /* DebugConfig.xcconfig */ = {isa = PBXFileReference; lastKnownFileType = text.xcconfig; path = DebugConfig.xcconfig; sourceTree = "<group>"; };
		C12816E327BC6082000EC665 /* ReleaseConfig.xcconfig */ = {isa = PBXFileReference; lastKnownFileType = text.xcconfig; path = ReleaseConfig.xcconfig; sourceTree = "<group>"; };
		C1C180DE27BB2510006B5432 /* boilerPlate.app */ = {isa = PBXFileReference; explicitFileType = wrapper.application; includeInIndex = 0; path = boilerPlate.app; sourceTree = BUILT_PRODUCTS_DIR; };
		C1C180E127BB2510006B5432 /* AppDelegate.swift */ = {isa = PBXFileReference; lastKnownFileType = sourcecode.swift; path = AppDelegate.swift; sourceTree = "<group>"; };
		C1C180E327BB2510006B5432 /* SceneDelegate.swift */ = {isa = PBXFileReference; lastKnownFileType = sourcecode.swift; path = SceneDelegate.swift; sourceTree = "<group>"; };
		C1C180E527BB2510006B5432 /* ViewController.swift */ = {isa = PBXFileReference; lastKnownFileType = sourcecode.swift; path = ViewController.swift; sourceTree = "<group>"; };
		C1C180E827BB2510006B5432 /* Base */ = {isa = PBXFileReference; lastKnownFileType = file.storyboard; name = Base; path = Base.lproj/Main.storyboard; sourceTree = "<group>"; };
		C1C180EA27BB2511006B5432 /* Assets.xcassets */ = {isa = PBXFileReference; lastKnownFileType = folder.assetcatalog; path = Assets.xcassets; sourceTree = "<group>"; };
		C1C180ED27BB2511006B5432 /* Base */ = {isa = PBXFileReference; lastKnownFileType = file.storyboard; name = Base; path = Base.lproj/LaunchScreen.storyboard; sourceTree = "<group>"; };
		C1C180EF27BB2511006B5432 /* Info.plist */ = {isa = PBXFileReference; lastKnownFileType = text.plist.xml; path = Info.plist; sourceTree = "<group>"; };
		C1C180F427BB2511006B5432 /* boilerPlateTests.xctest */ = {isa = PBXFileReference; explicitFileType = wrapper.cfbundle; includeInIndex = 0; path = boilerPlateTests.xctest; sourceTree = BUILT_PRODUCTS_DIR; };
		C1C180F827BB2511006B5432 /* boilerPlateTests.swift */ = {isa = PBXFileReference; lastKnownFileType = sourcecode.swift; path = boilerPlateTests.swift; sourceTree = "<group>"; };
		C1C180FE27BB2511006B5432 /* boilerPlateUITests.xctest */ = {isa = PBXFileReference; explicitFileType = wrapper.cfbundle; includeInIndex = 0; path = boilerPlateUITests.xctest; sourceTree = BUILT_PRODUCTS_DIR; };
		C1C1810227BB2511006B5432 /* boilerPlateUITests.swift */ = {isa = PBXFileReference; lastKnownFileType = sourcecode.swift; path = boilerPlateUITests.swift; sourceTree = "<group>"; };
		C1C1810427BB2511006B5432 /* boilerPlateUITestsLaunchTests.swift */ = {isa = PBXFileReference; lastKnownFileType = sourcecode.swift; path = boilerPlateUITestsLaunchTests.swift; sourceTree = "<group>"; };
/* End PBXFileReference section */

/* Begin PBXFrameworksBuildPhase section */
		C1C180DB27BB2510006B5432 /* Frameworks */ = {
			isa = PBXFrameworksBuildPhase;
			buildActionMask = 2147483647;
			files = (
				C12816BE27BB704B000EC665 /* Alamofire in Frameworks */,
			);
			runOnlyForDeploymentPostprocessing = 0;
		};
		C1C180F127BB2511006B5432 /* Frameworks */ = {
			isa = PBXFrameworksBuildPhase;
			buildActionMask = 2147483647;
			files = (
			);
			runOnlyForDeploymentPostprocessing = 0;
		};
		C1C180FB27BB2511006B5432 /* Frameworks */ = {
			isa = PBXFrameworksBuildPhase;
			buildActionMask = 2147483647;
			files = (
			);
			runOnlyForDeploymentPostprocessing = 0;
		};
/* End PBXFrameworksBuildPhase section */

/* Begin PBXGroup section */
		C128169E27BB50D2000EC665 /* ModelLayer */ = {
			isa = PBXGroup;
			children = (
				C12816A627BB6E34000EC665 /* API */,
				C12816CF27BC240C000EC665 /* DTOs */,
				C12816CB27BC2112000EC665 /* Errors */,
				C12816BF27BBD90C000EC665 /* MockedWebServer */,
				C12816A027BB5DAF000EC665 /* Models */,
				C12816CE27BC2252000EC665 /* Services */,
				C12816D427BC268D000EC665 /* Translation */,
			);
			path = ModelLayer;
			sourceTree = "<group>";
		};
		C128169F27BB54C1000EC665 /* ModelLayer */ = {
			isa = PBXGroup;
			children = (
				C12816D827BC4D29000EC665 /* API */,
				C12816A127BB5DCE000EC665 /* Models */,
				C12816D727BC4D13000EC665 /* Services */,
			);
			path = ModelLayer;
			sourceTree = "<group>";
		};
		C12816A027BB5DAF000EC665 /* Models */ = {
			isa = PBXGroup;
			children = (
				C12816A427BB6370000EC665 /* Movie.swift */,
			);
			path = Models;
			sourceTree = "<group>";
		};
		C12816A127BB5DCE000EC665 /* Models */ = {
			isa = PBXGroup;
			children = (
				C12816A227BB5DF1000EC665 /* MovieTests.swift */,
			);
			path = Models;
			sourceTree = "<group>";
		};
		C12816A627BB6E34000EC665 /* API */ = {
			isa = PBXGroup;
			children = (
				C12816DD27BC5698000EC665 /* Alamofire */,
			);
			path = API;
			sourceTree = "<group>";
		};
		C12816AE27BB6EEF000EC665 /* Base */ = {
			isa = PBXGroup;
			children = (
				C12816AF27BB6EEF000EC665 /* APIEnvironment.swift */,
				C12816B027BB6EEF000EC665 /* NonPersistentContext.swift */,
				C12816B127BB6EEF000EC665 /* APIEnvironments.swift */,
				C12816B227BB6EEF000EC665 /* APIContext.swift */,
				C12816B327BB6EEF000EC665 /* APIRoute.swift */,
			);
			path = Base;
			sourceTree = "<group>";
		};
		C12816BF27BBD90C000EC665 /* MockedWebServer */ = {
			isa = PBXGroup;
			children = (
				C12816C927BC1DCC000EC665 /* moviesResult.json */,
				C12816C427BC1860000EC665 /* MockMovieService.swift */,
				C12816C727BC1C30000EC665 /* JsonHelper.swift */,
			);
			path = MockedWebServer;
			sourceTree = "<group>";
		};
		C12816CB27BC2112000EC665 /* Errors */ = {
			isa = PBXGroup;
			children = (
				C12816CC27BC220C000EC665 /* MovieServiceError.swift */,
			);
			path = Errors;
			sourceTree = "<group>";
		};
		C12816CE27BC2252000EC665 /* Services */ = {
			isa = PBXGroup;
			children = (
				C12816C227BBDD2F000EC665 /* MovieService.swift */,
			);
			path = Services;
			sourceTree = "<group>";
		};
		C12816CF27BC240C000EC665 /* DTOs */ = {
			isa = PBXGroup;
			children = (
				C12816D027BC2422000EC665 /* TopMoviesDTO.swift */,
				C12816D227BC2528000EC665 /* MovieDTO.swift */,
			);
			path = DTOs;
			sourceTree = "<group>";
		};
		C12816D427BC268D000EC665 /* Translation */ = {
			isa = PBXGroup;
			children = (
				C12816D527BC26B3000EC665 /* MovieDTOTranslator.swift */,
			);
			path = Translation;
			sourceTree = "<group>";
		};
		C12816D727BC4D13000EC665 /* Services */ = {
			isa = PBXGroup;
			children = (
				C12816C027BBDBD2000EC665 /* MovieServiceTests.swift */,
			);
			path = Services;
			sourceTree = "<group>";
		};
		C12816D827BC4D29000EC665 /* API */ = {
			isa = PBXGroup;
			children = (
				C12816D927BC4D6B000EC665 /* AlamofireMovieServiceTests.swift */,
			);
			path = API;
			sourceTree = "<group>";
		};
		C12816DD27BC5698000EC665 /* Alamofire */ = {
			isa = PBXGroup;
			children = (
				C12816DB27BC4F92000EC665 /* AlamofireMovieService.swift */,
				C12816AD27BB6EEF000EC665 /* AlamofireReachabilityManager.swift */,
				C12816B427BB6EEF000EC665 /* AlamofireService.swift */,
				C12816AE27BB6EEF000EC665 /* Base */,
				C12816DE27BC56DE000EC665 /* MovieServiceRouter.swift */,
			);
			path = Alamofire;
			sourceTree = "<group>";
		};
		C12816E027BC5C75000EC665 /* SupportFiles */ = {
			isa = PBXGroup;
			children = (
				C12816E127BC5DAD000EC665 /* BuildConfigurations */,
			);
			path = SupportFiles;
			sourceTree = "<group>";
		};
		C12816E127BC5DAD000EC665 /* BuildConfigurations */ = {
			isa = PBXGroup;
			children = (
				C12816E227BC5DE2000EC665 /* DebugConfig.xcconfig */,
				C12816E327BC6082000EC665 /* ReleaseConfig.xcconfig */,
			);
			path = BuildConfigurations;
			sourceTree = "<group>";
		};
		C1C180D527BB2510006B5432 = {
			isa = PBXGroup;
			children = (
				C1C180E027BB2510006B5432 /* boilerPlate */,
				C1C180F727BB2511006B5432 /* boilerPlateTests */,
				C1C1810127BB2511006B5432 /* boilerPlateUITests */,
				C1C180DF27BB2510006B5432 /* Products */,
			);
			sourceTree = "<group>";
		};
		C1C180DF27BB2510006B5432 /* Products */ = {
			isa = PBXGroup;
			children = (
				C1C180DE27BB2510006B5432 /* boilerPlate.app */,
				C1C180F427BB2511006B5432 /* boilerPlateTests.xctest */,
				C1C180FE27BB2511006B5432 /* boilerPlateUITests.xctest */,
			);
			name = Products;
			sourceTree = "<group>";
		};
		C1C180E027BB2510006B5432 /* boilerPlate */ = {
			isa = PBXGroup;
			children = (
				C1C180EF27BB2511006B5432 /* Info.plist */,
				C1C180E127BB2510006B5432 /* AppDelegate.swift */,
				C1C180E327BB2510006B5432 /* SceneDelegate.swift */,
				C1C180E527BB2510006B5432 /* ViewController.swift */,
				C1C180EA27BB2511006B5432 /* Assets.xcassets */,
				C1C180EC27BB2511006B5432 /* LaunchScreen.storyboard */,
				C1C180E727BB2510006B5432 /* Main.storyboard */,
				C128169E27BB50D2000EC665 /* ModelLayer */,
				C12816E027BC5C75000EC665 /* SupportFiles */,
			);
			path = boilerPlate;
			sourceTree = "<group>";
		};
		C1C180F727BB2511006B5432 /* boilerPlateTests */ = {
			isa = PBXGroup;
			children = (
				C128169F27BB54C1000EC665 /* ModelLayer */,
				C1C180F827BB2511006B5432 /* boilerPlateTests.swift */,
			);
			path = boilerPlateTests;
			sourceTree = "<group>";
		};
		C1C1810127BB2511006B5432 /* boilerPlateUITests */ = {
			isa = PBXGroup;
			children = (
				C1C1810227BB2511006B5432 /* boilerPlateUITests.swift */,
				C1C1810427BB2511006B5432 /* boilerPlateUITestsLaunchTests.swift */,
			);
			path = boilerPlateUITests;
			sourceTree = "<group>";
		};
/* End PBXGroup section */

/* Begin PBXNativeTarget section */
		C1C180DD27BB2510006B5432 /* boilerPlate */ = {
			isa = PBXNativeTarget;
			buildConfigurationList = C1C1810827BB2511006B5432 /* Build configuration list for PBXNativeTarget "boilerPlate" */;
			buildPhases = (
				C1C180DA27BB2510006B5432 /* Sources */,
				C1C180DB27BB2510006B5432 /* Frameworks */,
				C1C180DC27BB2510006B5432 /* Resources */,
			);
			buildRules = (
			);
			dependencies = (
			);
			name = boilerPlate;
			packageProductDependencies = (
				C12816BD27BB704B000EC665 /* Alamofire */,
			);
			productName = boilerPlate;
			productReference = C1C180DE27BB2510006B5432 /* boilerPlate.app */;
			productType = "com.apple.product-type.application";
		};
		C1C180F327BB2511006B5432 /* boilerPlateTests */ = {
			isa = PBXNativeTarget;
			buildConfigurationList = C1C1810B27BB2511006B5432 /* Build configuration list for PBXNativeTarget "boilerPlateTests" */;
			buildPhases = (
				C1C180F027BB2511006B5432 /* Sources */,
				C1C180F127BB2511006B5432 /* Frameworks */,
				C1C180F227BB2511006B5432 /* Resources */,
			);
			buildRules = (
			);
			dependencies = (
				C1C180F627BB2511006B5432 /* PBXTargetDependency */,
			);
			name = boilerPlateTests;
			productName = boilerPlateTests;
			productReference = C1C180F427BB2511006B5432 /* boilerPlateTests.xctest */;
			productType = "com.apple.product-type.bundle.unit-test";
		};
		C1C180FD27BB2511006B5432 /* boilerPlateUITests */ = {
			isa = PBXNativeTarget;
			buildConfigurationList = C1C1810E27BB2511006B5432 /* Build configuration list for PBXNativeTarget "boilerPlateUITests" */;
			buildPhases = (
				C1C180FA27BB2511006B5432 /* Sources */,
				C1C180FB27BB2511006B5432 /* Frameworks */,
				C1C180FC27BB2511006B5432 /* Resources */,
			);
			buildRules = (
			);
			dependencies = (
				C1C1810027BB2511006B5432 /* PBXTargetDependency */,
			);
			name = boilerPlateUITests;
			productName = boilerPlateUITests;
			productReference = C1C180FE27BB2511006B5432 /* boilerPlateUITests.xctest */;
			productType = "com.apple.product-type.bundle.ui-testing";
		};
/* End PBXNativeTarget section */

/* Begin PBXProject section */
		C1C180D627BB2510006B5432 /* Project object */ = {
			isa = PBXProject;
			attributes = {
				BuildIndependentTargetsInParallel = 1;
				LastSwiftUpdateCheck = 1320;
				LastUpgradeCheck = 1320;
				TargetAttributes = {
					C1C180DD27BB2510006B5432 = {
						CreatedOnToolsVersion = 13.2.1;
					};
					C1C180F327BB2511006B5432 = {
						CreatedOnToolsVersion = 13.2.1;
						TestTargetID = C1C180DD27BB2510006B5432;
					};
					C1C180FD27BB2511006B5432 = {
						CreatedOnToolsVersion = 13.2.1;
						TestTargetID = C1C180DD27BB2510006B5432;
					};
				};
			};
			buildConfigurationList = C1C180D927BB2510006B5432 /* Build configuration list for PBXProject "boilerPlate" */;
			compatibilityVersion = "Xcode 13.0";
			developmentRegion = en;
			hasScannedForEncodings = 0;
			knownRegions = (
				en,
				Base,
			);
			mainGroup = C1C180D527BB2510006B5432;
			packageReferences = (
				C12816BC27BB704B000EC665 /* XCRemoteSwiftPackageReference "Alamofire" */,
			);
			productRefGroup = C1C180DF27BB2510006B5432 /* Products */;
			projectDirPath = "";
			projectRoot = "";
			targets = (
				C1C180DD27BB2510006B5432 /* boilerPlate */,
				C1C180F327BB2511006B5432 /* boilerPlateTests */,
				C1C180FD27BB2511006B5432 /* boilerPlateUITests */,
			);
		};
/* End PBXProject section */

/* Begin PBXResourcesBuildPhase section */
		C1C180DC27BB2510006B5432 /* Resources */ = {
			isa = PBXResourcesBuildPhase;
			buildActionMask = 2147483647;
			files = (
				C1C180EE27BB2511006B5432 /* LaunchScreen.storyboard in Resources */,
				C1C180EB27BB2511006B5432 /* Assets.xcassets in Resources */,
				C1C180E927BB2510006B5432 /* Main.storyboard in Resources */,
				C12816CA27BC1DCC000EC665 /* moviesResult.json in Resources */,
			);
			runOnlyForDeploymentPostprocessing = 0;
		};
		C1C180F227BB2511006B5432 /* Resources */ = {
			isa = PBXResourcesBuildPhase;
			buildActionMask = 2147483647;
			files = (
			);
			runOnlyForDeploymentPostprocessing = 0;
		};
		C1C180FC27BB2511006B5432 /* Resources */ = {
			isa = PBXResourcesBuildPhase;
			buildActionMask = 2147483647;
			files = (
			);
			runOnlyForDeploymentPostprocessing = 0;
		};
/* End PBXResourcesBuildPhase section */

/* Begin PBXSourcesBuildPhase section */
		C1C180DA27BB2510006B5432 /* Sources */ = {
			isa = PBXSourcesBuildPhase;
			buildActionMask = 2147483647;
			files = (
				C12816C527BC1860000EC665 /* MockMovieService.swift in Sources */,
				C12816B527BB6EEF000EC665 /* AlamofireReachabilityManager.swift in Sources */,
				C12816BB27BB6EEF000EC665 /* AlamofireService.swift in Sources */,
				C12816C827BC1C30000EC665 /* JsonHelper.swift in Sources */,
				C12816CD27BC220C000EC665 /* MovieServiceError.swift in Sources */,
				C12816B727BB6EEF000EC665 /* NonPersistentContext.swift in Sources */,
				C12816B827BB6EEF000EC665 /* APIEnvironments.swift in Sources */,
				C1C180E627BB2510006B5432 /* ViewController.swift in Sources */,
				C12816BA27BB6EEF000EC665 /* APIRoute.swift in Sources */,
				C12816DF27BC56DE000EC665 /* MovieServiceRouter.swift in Sources */,
				C12816C327BBDD2F000EC665 /* MovieService.swift in Sources */,
				C12816DC27BC4F92000EC665 /* AlamofireMovieService.swift in Sources */,
				C12816D127BC2422000EC665 /* TopMoviesDTO.swift in Sources */,
				C12816D327BC2528000EC665 /* MovieDTO.swift in Sources */,
				C12816D627BC26B3000EC665 /* MovieDTOTranslator.swift in Sources */,
				C12816B927BB6EEF000EC665 /* APIContext.swift in Sources */,
				C12816B627BB6EEF000EC665 /* APIEnvironment.swift in Sources */,
				C1C180E227BB2510006B5432 /* AppDelegate.swift in Sources */,
				C12816A527BB6370000EC665 /* Movie.swift in Sources */,
				C1C180E427BB2510006B5432 /* SceneDelegate.swift in Sources */,
			);
			runOnlyForDeploymentPostprocessing = 0;
		};
		C1C180F027BB2511006B5432 /* Sources */ = {
			isa = PBXSourcesBuildPhase;
			buildActionMask = 2147483647;
			files = (
				C12816A327BB5DF1000EC665 /* MovieTests.swift in Sources */,
				C1C180F927BB2511006B5432 /* boilerPlateTests.swift in Sources */,
				C12816C127BBDBD2000EC665 /* MovieServiceTests.swift in Sources */,
				C12816DA27BC4D6C000EC665 /* AlamofireMovieServiceTests.swift in Sources */,
			);
			runOnlyForDeploymentPostprocessing = 0;
		};
		C1C180FA27BB2511006B5432 /* Sources */ = {
			isa = PBXSourcesBuildPhase;
			buildActionMask = 2147483647;
			files = (
				C1C1810527BB2511006B5432 /* boilerPlateUITestsLaunchTests.swift in Sources */,
				C1C1810327BB2511006B5432 /* boilerPlateUITests.swift in Sources */,
			);
			runOnlyForDeploymentPostprocessing = 0;
		};
/* End PBXSourcesBuildPhase section */

/* Begin PBXTargetDependency section */
		C1C180F627BB2511006B5432 /* PBXTargetDependency */ = {
			isa = PBXTargetDependency;
			target = C1C180DD27BB2510006B5432 /* boilerPlate */;
			targetProxy = C1C180F527BB2511006B5432 /* PBXContainerItemProxy */;
		};
		C1C1810027BB2511006B5432 /* PBXTargetDependency */ = {
			isa = PBXTargetDependency;
			target = C1C180DD27BB2510006B5432 /* boilerPlate */;
			targetProxy = C1C180FF27BB2511006B5432 /* PBXContainerItemProxy */;
		};
/* End PBXTargetDependency section */

/* Begin PBXVariantGroup section */
		C1C180E727BB2510006B5432 /* Main.storyboard */ = {
			isa = PBXVariantGroup;
			children = (
				C1C180E827BB2510006B5432 /* Base */,
			);
			name = Main.storyboard;
			sourceTree = "<group>";
		};
		C1C180EC27BB2511006B5432 /* LaunchScreen.storyboard */ = {
			isa = PBXVariantGroup;
			children = (
				C1C180ED27BB2511006B5432 /* Base */,
			);
			name = LaunchScreen.storyboard;
			sourceTree = "<group>";
		};
/* End PBXVariantGroup section */

/* Begin XCBuildConfiguration section */
		C1C1810627BB2511006B5432 /* Debug */ = {
			isa = XCBuildConfiguration;
			baseConfigurationReference = C12816E227BC5DE2000EC665 /* DebugConfig.xcconfig */;
			buildSettings = {
				ALWAYS_SEARCH_USER_PATHS = NO;
				CLANG_ANALYZER_NONNULL = YES;
				CLANG_ANALYZER_NUMBER_OBJECT_CONVERSION = YES_AGGRESSIVE;
				CLANG_CXX_LANGUAGE_STANDARD = "gnu++17";
				CLANG_CXX_LIBRARY = "libc++";
				CLANG_ENABLE_MODULES = YES;
				CLANG_ENABLE_OBJC_ARC = YES;
				CLANG_ENABLE_OBJC_WEAK = YES;
				CLANG_WARN_BLOCK_CAPTURE_AUTORELEASING = YES;
				CLANG_WARN_BOOL_CONVERSION = YES;
				CLANG_WARN_COMMA = YES;
				CLANG_WARN_CONSTANT_CONVERSION = YES;
				CLANG_WARN_DEPRECATED_OBJC_IMPLEMENTATIONS = YES;
				CLANG_WARN_DIRECT_OBJC_ISA_USAGE = YES_ERROR;
				CLANG_WARN_DOCUMENTATION_COMMENTS = YES;
				CLANG_WARN_EMPTY_BODY = YES;
				CLANG_WARN_ENUM_CONVERSION = YES;
				CLANG_WARN_INFINITE_RECURSION = YES;
				CLANG_WARN_INT_CONVERSION = YES;
				CLANG_WARN_NON_LITERAL_NULL_CONVERSION = YES;
				CLANG_WARN_OBJC_IMPLICIT_RETAIN_SELF = YES;
				CLANG_WARN_OBJC_LITERAL_CONVERSION = YES;
				CLANG_WARN_OBJC_ROOT_CLASS = YES_ERROR;
				CLANG_WARN_QUOTED_INCLUDE_IN_FRAMEWORK_HEADER = YES;
				CLANG_WARN_RANGE_LOOP_ANALYSIS = YES;
				CLANG_WARN_STRICT_PROTOTYPES = YES;
				CLANG_WARN_SUSPICIOUS_MOVE = YES;
				CLANG_WARN_UNGUARDED_AVAILABILITY = YES_AGGRESSIVE;
				CLANG_WARN_UNREACHABLE_CODE = YES;
				CLANG_WARN__DUPLICATE_METHOD_MATCH = YES;
				COPY_PHASE_STRIP = NO;
				DEBUG_INFORMATION_FORMAT = dwarf;
				ENABLE_STRICT_OBJC_MSGSEND = YES;
				ENABLE_TESTABILITY = YES;
				GCC_C_LANGUAGE_STANDARD = gnu11;
				GCC_DYNAMIC_NO_PIC = NO;
				GCC_NO_COMMON_BLOCKS = YES;
				GCC_OPTIMIZATION_LEVEL = 0;
				GCC_PREPROCESSOR_DEFINITIONS = (
					"DEBUG=1",
					"$(inherited)",
				);
				GCC_WARN_64_TO_32_BIT_CONVERSION = YES;
				GCC_WARN_ABOUT_RETURN_TYPE = YES_ERROR;
				GCC_WARN_UNDECLARED_SELECTOR = YES;
				GCC_WARN_UNINITIALIZED_AUTOS = YES_AGGRESSIVE;
				GCC_WARN_UNUSED_FUNCTION = YES;
				GCC_WARN_UNUSED_VARIABLE = YES;
				IPHONEOS_DEPLOYMENT_TARGET = 15.2;
				MTL_ENABLE_DEBUG_INFO = INCLUDE_SOURCE;
				MTL_FAST_MATH = YES;
				ONLY_ACTIVE_ARCH = YES;
				SDKROOT = iphoneos;
				SWIFT_ACTIVE_COMPILATION_CONDITIONS = DEBUG;
				SWIFT_OPTIMIZATION_LEVEL = "-Onone";
			};
			name = Debug;
		};
		C1C1810727BB2511006B5432 /* Release */ = {
			isa = XCBuildConfiguration;
			baseConfigurationReference = C12816E327BC6082000EC665 /* ReleaseConfig.xcconfig */;
			buildSettings = {
				ALWAYS_SEARCH_USER_PATHS = NO;
				CLANG_ANALYZER_NONNULL = YES;
				CLANG_ANALYZER_NUMBER_OBJECT_CONVERSION = YES_AGGRESSIVE;
				CLANG_CXX_LANGUAGE_STANDARD = "gnu++17";
				CLANG_CXX_LIBRARY = "libc++";
				CLANG_ENABLE_MODULES = YES;
				CLANG_ENABLE_OBJC_ARC = YES;
				CLANG_ENABLE_OBJC_WEAK = YES;
				CLANG_WARN_BLOCK_CAPTURE_AUTORELEASING = YES;
				CLANG_WARN_BOOL_CONVERSION = YES;
				CLANG_WARN_COMMA = YES;
				CLANG_WARN_CONSTANT_CONVERSION = YES;
				CLANG_WARN_DEPRECATED_OBJC_IMPLEMENTATIONS = YES;
				CLANG_WARN_DIRECT_OBJC_ISA_USAGE = YES_ERROR;
				CLANG_WARN_DOCUMENTATION_COMMENTS = YES;
				CLANG_WARN_EMPTY_BODY = YES;
				CLANG_WARN_ENUM_CONVERSION = YES;
				CLANG_WARN_INFINITE_RECURSION = YES;
				CLANG_WARN_INT_CONVERSION = YES;
				CLANG_WARN_NON_LITERAL_NULL_CONVERSION = YES;
				CLANG_WARN_OBJC_IMPLICIT_RETAIN_SELF = YES;
				CLANG_WARN_OBJC_LITERAL_CONVERSION = YES;
				CLANG_WARN_OBJC_ROOT_CLASS = YES_ERROR;
				CLANG_WARN_QUOTED_INCLUDE_IN_FRAMEWORK_HEADER = YES;
				CLANG_WARN_RANGE_LOOP_ANALYSIS = YES;
				CLANG_WARN_STRICT_PROTOTYPES = YES;
				CLANG_WARN_SUSPICIOUS_MOVE = YES;
				CLANG_WARN_UNGUARDED_AVAILABILITY = YES_AGGRESSIVE;
				CLANG_WARN_UNREACHABLE_CODE = YES;
				CLANG_WARN__DUPLICATE_METHOD_MATCH = YES;
				COPY_PHASE_STRIP = NO;
				DEBUG_INFORMATION_FORMAT = "dwarf-with-dsym";
				ENABLE_NS_ASSERTIONS = NO;
				ENABLE_STRICT_OBJC_MSGSEND = YES;
				GCC_C_LANGUAGE_STANDARD = gnu11;
				GCC_NO_COMMON_BLOCKS = YES;
				GCC_WARN_64_TO_32_BIT_CONVERSION = YES;
				GCC_WARN_ABOUT_RETURN_TYPE = YES_ERROR;
				GCC_WARN_UNDECLARED_SELECTOR = YES;
				GCC_WARN_UNINITIALIZED_AUTOS = YES_AGGRESSIVE;
				GCC_WARN_UNUSED_FUNCTION = YES;
				GCC_WARN_UNUSED_VARIABLE = YES;
				IPHONEOS_DEPLOYMENT_TARGET = 15.2;
				MTL_ENABLE_DEBUG_INFO = NO;
				MTL_FAST_MATH = YES;
				SDKROOT = iphoneos;
				SWIFT_COMPILATION_MODE = wholemodule;
				SWIFT_OPTIMIZATION_LEVEL = "-O";
				VALIDATE_PRODUCT = YES;
			};
			name = Release;
		};
		C1C1810927BB2511006B5432 /* Debug */ = {
			isa = XCBuildConfiguration;
			buildSettings = {
				ASSETCATALOG_COMPILER_APPICON_NAME = AppIcon;
				ASSETCATALOG_COMPILER_GLOBAL_ACCENT_COLOR_NAME = AccentColor;
				CODE_SIGN_STYLE = Automatic;
				CURRENT_PROJECT_VERSION = 1;
				DEVELOPMENT_TEAM = 8R2D9WN3M3;
				GENERATE_INFOPLIST_FILE = YES;
				INFOPLIST_FILE = boilerPlate/Info.plist;
				INFOPLIST_KEY_UIApplicationSupportsIndirectInputEvents = YES;
				INFOPLIST_KEY_UILaunchStoryboardName = LaunchScreen;
				INFOPLIST_KEY_UIMainStoryboardFile = Main;
				INFOPLIST_KEY_UISupportedInterfaceOrientations_iPad = "UIInterfaceOrientationPortrait UIInterfaceOrientationPortraitUpsideDown UIInterfaceOrientationLandscapeLeft UIInterfaceOrientationLandscapeRight";
				INFOPLIST_KEY_UISupportedInterfaceOrientations_iPhone = "UIInterfaceOrientationPortrait UIInterfaceOrientationLandscapeLeft UIInterfaceOrientationLandscapeRight";
				LD_RUNPATH_SEARCH_PATHS = (
					"$(inherited)",
					"@executable_path/Frameworks",
				);
				MARKETING_VERSION = 1.0;
				PRODUCT_BUNDLE_IDENTIFIER = info.ingjohnguerrero.boilerPlate;
				PRODUCT_NAME = "$(TARGET_NAME)";
				SWIFT_EMIT_LOC_STRINGS = YES;
				SWIFT_VERSION = 5.0;
				TARGETED_DEVICE_FAMILY = "1,2";
			};
			name = Debug;
		};
		C1C1810A27BB2511006B5432 /* Release */ = {
			isa = XCBuildConfiguration;
			buildSettings = {
				ASSETCATALOG_COMPILER_APPICON_NAME = AppIcon;
				ASSETCATALOG_COMPILER_GLOBAL_ACCENT_COLOR_NAME = AccentColor;
				CODE_SIGN_STYLE = Automatic;
				CURRENT_PROJECT_VERSION = 1;
				DEVELOPMENT_TEAM = 8R2D9WN3M3;
				GENERATE_INFOPLIST_FILE = YES;
				INFOPLIST_FILE = boilerPlate/Info.plist;
				INFOPLIST_KEY_UIApplicationSupportsIndirectInputEvents = YES;
				INFOPLIST_KEY_UILaunchStoryboardName = LaunchScreen;
				INFOPLIST_KEY_UIMainStoryboardFile = Main;
				INFOPLIST_KEY_UISupportedInterfaceOrientations_iPad = "UIInterfaceOrientationPortrait UIInterfaceOrientationPortraitUpsideDown UIInterfaceOrientationLandscapeLeft UIInterfaceOrientationLandscapeRight";
				INFOPLIST_KEY_UISupportedInterfaceOrientations_iPhone = "UIInterfaceOrientationPortrait UIInterfaceOrientationLandscapeLeft UIInterfaceOrientationLandscapeRight";
				LD_RUNPATH_SEARCH_PATHS = (
					"$(inherited)",
					"@executable_path/Frameworks",
				);
				MARKETING_VERSION = 1.0;
				PRODUCT_BUNDLE_IDENTIFIER = info.ingjohnguerrero.boilerPlate;
				PRODUCT_NAME = "$(TARGET_NAME)";
				SWIFT_EMIT_LOC_STRINGS = YES;
				SWIFT_VERSION = 5.0;
				TARGETED_DEVICE_FAMILY = "1,2";
			};
			name = Release;
		};
		C1C1810C27BB2511006B5432 /* Debug */ = {
			isa = XCBuildConfiguration;
			buildSettings = {
				ALWAYS_EMBED_SWIFT_STANDARD_LIBRARIES = YES;
				BUNDLE_LOADER = "$(TEST_HOST)";
				CODE_SIGN_STYLE = Automatic;
				CURRENT_PROJECT_VERSION = 1;
				DEVELOPMENT_TEAM = 8R2D9WN3M3;
				GENERATE_INFOPLIST_FILE = YES;
				IPHONEOS_DEPLOYMENT_TARGET = 15.2;
				MARKETING_VERSION = 1.0;
				PRODUCT_BUNDLE_IDENTIFIER = info.ingjohnguerrero.boilerPlateTests;
				PRODUCT_NAME = "$(TARGET_NAME)";
				SWIFT_EMIT_LOC_STRINGS = NO;
				SWIFT_VERSION = 5.0;
				TARGETED_DEVICE_FAMILY = "1,2";
				TEST_HOST = "$(BUILT_PRODUCTS_DIR)/boilerPlate.app/boilerPlate";
			};
			name = Debug;
		};
		C1C1810D27BB2511006B5432 /* Release */ = {
			isa = XCBuildConfiguration;
			buildSettings = {
				ALWAYS_EMBED_SWIFT_STANDARD_LIBRARIES = YES;
				BUNDLE_LOADER = "$(TEST_HOST)";
				CODE_SIGN_STYLE = Automatic;
				CURRENT_PROJECT_VERSION = 1;
				DEVELOPMENT_TEAM = 8R2D9WN3M3;
				GENERATE_INFOPLIST_FILE = YES;
				IPHONEOS_DEPLOYMENT_TARGET = 15.2;
				MARKETING_VERSION = 1.0;
				PRODUCT_BUNDLE_IDENTIFIER = info.ingjohnguerrero.boilerPlateTests;
				PRODUCT_NAME = "$(TARGET_NAME)";
				SWIFT_EMIT_LOC_STRINGS = NO;
				SWIFT_VERSION = 5.0;
				TARGETED_DEVICE_FAMILY = "1,2";
				TEST_HOST = "$(BUILT_PRODUCTS_DIR)/boilerPlate.app/boilerPlate";
			};
			name = Release;
		};
		C1C1810F27BB2511006B5432 /* Debug */ = {
			isa = XCBuildConfiguration;
			buildSettings = {
				ALWAYS_EMBED_SWIFT_STANDARD_LIBRARIES = YES;
				CODE_SIGN_STYLE = Automatic;
				CURRENT_PROJECT_VERSION = 1;
				DEVELOPMENT_TEAM = 8R2D9WN3M3;
				GENERATE_INFOPLIST_FILE = YES;
				MARKETING_VERSION = 1.0;
				PRODUCT_BUNDLE_IDENTIFIER = info.ingjohnguerrero.boilerPlateUITests;
				PRODUCT_NAME = "$(TARGET_NAME)";
				SWIFT_EMIT_LOC_STRINGS = NO;
				SWIFT_VERSION = 5.0;
				TARGETED_DEVICE_FAMILY = "1,2";
				TEST_TARGET_NAME = boilerPlate;
			};
			name = Debug;
		};
		C1C1811027BB2511006B5432 /* Release */ = {
			isa = XCBuildConfiguration;
			buildSettings = {
				ALWAYS_EMBED_SWIFT_STANDARD_LIBRARIES = YES;
				CODE_SIGN_STYLE = Automatic;
				CURRENT_PROJECT_VERSION = 1;
				DEVELOPMENT_TEAM = 8R2D9WN3M3;
				GENERATE_INFOPLIST_FILE = YES;
				MARKETING_VERSION = 1.0;
				PRODUCT_BUNDLE_IDENTIFIER = info.ingjohnguerrero.boilerPlateUITests;
				PRODUCT_NAME = "$(TARGET_NAME)";
				SWIFT_EMIT_LOC_STRINGS = NO;
				SWIFT_VERSION = 5.0;
				TARGETED_DEVICE_FAMILY = "1,2";
				TEST_TARGET_NAME = boilerPlate;
			};
			name = Release;
		};
/* End XCBuildConfiguration section */

/* Begin XCConfigurationList section */
		C1C180D927BB2510006B5432 /* Build configuration list for PBXProject "boilerPlate" */ = {
			isa = XCConfigurationList;
			buildConfigurations = (
				C1C1810627BB2511006B5432 /* Debug */,
				C1C1810727BB2511006B5432 /* Release */,
			);
			defaultConfigurationIsVisible = 0;
			defaultConfigurationName = Release;
		};
		C1C1810827BB2511006B5432 /* Build configuration list for PBXNativeTarget "boilerPlate" */ = {
			isa = XCConfigurationList;
			buildConfigurations = (
				C1C1810927BB2511006B5432 /* Debug */,
				C1C1810A27BB2511006B5432 /* Release */,
			);
			defaultConfigurationIsVisible = 0;
			defaultConfigurationName = Release;
		};
		C1C1810B27BB2511006B5432 /* Build configuration list for PBXNativeTarget "boilerPlateTests" */ = {
			isa = XCConfigurationList;
			buildConfigurations = (
				C1C1810C27BB2511006B5432 /* Debug */,
				C1C1810D27BB2511006B5432 /* Release */,
			);
			defaultConfigurationIsVisible = 0;
			defaultConfigurationName = Release;
		};
		C1C1810E27BB2511006B5432 /* Build configuration list for PBXNativeTarget "boilerPlateUITests" */ = {
			isa = XCConfigurationList;
			buildConfigurations = (
				C1C1810F27BB2511006B5432 /* Debug */,
				C1C1811027BB2511006B5432 /* Release */,
			);
			defaultConfigurationIsVisible = 0;
			defaultConfigurationName = Release;
		};
/* End XCConfigurationList section */

/* Begin XCRemoteSwiftPackageReference section */
		C12816BC27BB704B000EC665 /* XCRemoteSwiftPackageReference "Alamofire" */ = {
			isa = XCRemoteSwiftPackageReference;
			repositoryURL = "https://github.com/Alamofire/Alamofire";
			requirement = {
				kind = upToNextMajorVersion;
				minimumVersion = 5.0.0;
			};
		};
/* End XCRemoteSwiftPackageReference section */

/* Begin XCSwiftPackageProductDependency section */
		C12816BD27BB704B000EC665 /* Alamofire */ = {
			isa = XCSwiftPackageProductDependency;
			package = C12816BC27BB704B000EC665 /* XCRemoteSwiftPackageReference "Alamofire" */;
			productName = Alamofire;
		};
/* End XCSwiftPackageProductDependency section */
	};
	rootObject = C1C180D627BB2510006B5432 /* Project object */;
}
